// !$*UTF8*$!
{
	archiveVersion = 1;
	classes = {
	};
	objectVersion = 50;
	objects = {

/* Begin PBXBuildFile section */
		55147763247D95210000B977 /* AppDelegate.swift in Sources */ = {isa = PBXBuildFile; fileRef = 55147762247D95210000B977 /* AppDelegate.swift */; };
		55147765247D95210000B977 /* SceneDelegate.swift in Sources */ = {isa = PBXBuildFile; fileRef = 55147764247D95210000B977 /* SceneDelegate.swift */; };
		55147767247D95210000B977 /* ContentView.swift in Sources */ = {isa = PBXBuildFile; fileRef = 55147766247D95210000B977 /* ContentView.swift */; };
		55147769247D95240000B977 /* Assets.xcassets in Resources */ = {isa = PBXBuildFile; fileRef = 55147768247D95240000B977 /* Assets.xcassets */; };
		5514776C247D95240000B977 /* Preview Assets.xcassets in Resources */ = {isa = PBXBuildFile; fileRef = 5514776B247D95240000B977 /* Preview Assets.xcassets */; };
		5514776F247D95240000B977 /* LaunchScreen.storyboard in Resources */ = {isa = PBXBuildFile; fileRef = 5514776D247D95240000B977 /* LaunchScreen.storyboard */; };
		55147777247D96720000B977 /* CardView.swift in Sources */ = {isa = PBXBuildFile; fileRef = 55147776247D96720000B977 /* CardView.swift */; };
/* End PBXBuildFile section */

/* Begin PBXFileReference section */
		5514775F247D95210000B977 /* 004-ScrollCardView.app */ = {isa = PBXFileReference; explicitFileType = wrapper.application; includeInIndex = 0; path = "004-ScrollCardView.app"; sourceTree = BUILT_PRODUCTS_DIR; };
		55147762247D95210000B977 /* AppDelegate.swift */ = {isa = PBXFileReference; lastKnownFileType = sourcecode.swift; path = AppDelegate.swift; sourceTree = "<group>"; };
		55147764247D95210000B977 /* SceneDelegate.swift */ = {isa = PBXFileReference; lastKnownFileType = sourcecode.swift; path = SceneDelegate.swift; sourceTree = "<group>"; };
		55147766247D95210000B977 /* ContentView.swift */ = {isa = PBXFileReference; lastKnownFileType = sourcecode.swift; path = ContentView.swift; sourceTree = "<group>"; };
		55147768247D95240000B977 /* Assets.xcassets */ = {isa = PBXFileReference; lastKnownFileType = folder.assetcatalog; path = Assets.xcassets; sourceTree = "<group>"; };
		5514776B247D95240000B977 /* Preview Assets.xcassets */ = {isa = PBXFileReference; lastKnownFileType = folder.assetcatalog; path = "Preview Assets.xcassets"; sourceTree = "<group>"; };
		5514776E247D95240000B977 /* Base */ = {isa = PBXFileReference; lastKnownFileType = file.storyboard; name = Base; path = Base.lproj/LaunchScreen.storyboard; sourceTree = "<group>"; };
		55147770247D95240000B977 /* Info.plist */ = {isa = PBXFileReference; lastKnownFileType = text.plist.xml; path = Info.plist; sourceTree = "<group>"; };
		55147776247D96720000B977 /* CardView.swift */ = {isa = PBXFileReference; lastKnownFileType = sourcecode.swift; path = CardView.swift; sourceTree = "<group>"; };
/* End PBXFileReference section */

/* Begin PBXFrameworksBuildPhase section */
		5514775C247D95210000B977 /* Frameworks */ = {
			isa = PBXFrameworksBuildPhase;
			buildActionMask = 2147483647;
			files = (
			);
			runOnlyForDeploymentPostprocessing = 0;
		};
/* End PBXFrameworksBuildPhase section */

/* Begin PBXGroup section */
		55147756247D95210000B977 = {
			isa = PBXGroup;
			children = (
				55147761247D95210000B977 /* 004-ScrollCardView */,
				55147760247D95210000B977 /* Products */,
			);
			sourceTree = "<group>";
		};
		55147760247D95210000B977 /* Products */ = {
			isa = PBXGroup;
			children = (
				5514775F247D95210000B977 /* 004-ScrollCardView.app */,
			);
			name = Products;
			sourceTree = "<group>";
		};
		55147761247D95210000B977 /* 004-ScrollCardView */ = {
			isa = PBXGroup;
			children = (
				55147762247D95210000B977 /* AppDelegate.swift */,
				55147764247D95210000B977 /* SceneDelegate.swift */,
				55147766247D95210000B977 /* ContentView.swift */,
				55147776247D96720000B977 /* CardView.swift */,
				55147768247D95240000B977 /* Assets.xcassets */,
				5514776D247D95240000B977 /* LaunchScreen.storyboard */,
				55147770247D95240000B977 /* Info.plist */,
				5514776A247D95240000B977 /* Preview Content */,
			);
			path = "004-ScrollCardView";
			sourceTree = "<group>";
		};
		5514776A247D95240000B977 /* Preview Content */ = {
			isa = PBXGroup;
			children = (
				5514776B247D95240000B977 /* Preview Assets.xcassets */,
			);
			path = "Preview Content";
			sourceTree = "<group>";
		};
/* End PBXGroup section */

/* Begin PBXNativeTarget section */
		5514775E247D95210000B977 /* 004-ScrollCardView */ = {
			isa = PBXNativeTarget;
			buildConfigurationList = 55147773247D95240000B977 /* Build configuration list for PBXNativeTarget "004-ScrollCardView" */;
			buildPhases = (
				5514775B247D95210000B977 /* Sources */,
				5514775C247D95210000B977 /* Frameworks */,
				5514775D247D95210000B977 /* Resources */,
			);
			buildRules = (
			);
			dependencies = (
			);
			name = "004-ScrollCardView";
			productName = "004-ScrollCardView";
			productReference = 5514775F247D95210000B977 /* 004-ScrollCardView.app */;
			productType = "com.apple.product-type.application";
		};
/* End PBXNativeTarget section */

/* Begin PBXProject section */
		55147757247D95210000B977 /* Project object */ = {
			isa = PBXProject;
			attributes = {
				LastSwiftUpdateCheck = 1140;
				LastUpgradeCheck = 1140;
				ORGANIZATIONNAME = "Oscar Vasquez Orozco";
				TargetAttributes = {
					5514775E247D95210000B977 = {
						CreatedOnToolsVersion = 11.4.1;
					};
				};
			};
			buildConfigurationList = 5514775A247D95210000B977 /* Build configuration list for PBXProject "004-ScrollCardView" */;
			compatibilityVersion = "Xcode 9.3";
			developmentRegion = en;
			hasScannedForEncodings = 0;
			knownRegions = (
				en,
				Base,
			);
			mainGroup = 55147756247D95210000B977;
			productRefGroup = 55147760247D95210000B977 /* Products */;
			projectDirPath = "";
			projectRoot = "";
			targets = (
				5514775E247D95210000B977 /* 004-ScrollCardView */,
			);
		};
/* End PBXProject section */

/* Begin PBXResourcesBuildPhase section */
		5514775D247D95210000B977 /* Resources */ = {
			isa = PBXResourcesBuildPhase;
			buildActionMask = 2147483647;
			files = (
				5514776F247D95240000B977 /* LaunchScreen.storyboard in Resources */,
				5514776C247D95240000B977 /* Preview Assets.xcassets in Resources */,
				55147769247D95240000B977 /* Assets.xcassets in Resources */,
			);
			runOnlyForDeploymentPostprocessing = 0;
		};
/* End PBXResourcesBuildPhase section */

/* Begin PBXSourcesBuildPhase section */
		5514775B247D95210000B977 /* Sources */ = {
			isa = PBXSourcesBuildPhase;
			buildActionMask = 2147483647;
			files = (
				55147763247D95210000B977 /* AppDelegate.swift in Sources */,
				55147765247D95210000B977 /* SceneDelegate.swift in Sources */,
				55147777247D96720000B977 /* CardView.swift in Sources */,
				55147767247D95210000B977 /* ContentView.swift in Sources */,
			);
			runOnlyForDeploymentPostprocessing = 0;
		};
/* End PBXSourcesBuildPhase section */

/* Begin PBXVariantGroup section */
		5514776D247D95240000B977 /* LaunchScreen.storyboard */ = {
			isa = PBXVariantGroup;
			children = (
				5514776E247D95240000B977 /* Base */,
			);
			name = LaunchScreen.storyboard;
			sourceTree = "<group>";
		};
/* End PBXVariantGroup section */

/* Begin XCBuildConfiguration section */
		55147771247D95240000B977 /* Debug */ = {
			isa = XCBuildConfiguration;
			buildSettings = {
				ALWAYS_SEARCH_USER_PATHS = NO;
				CLANG_ANALYZER_NONNULL = YES;
				CLANG_ANALYZER_NUMBER_OBJECT_CONVERSION = YES_AGGRESSIVE;
				CLANG_CXX_LANGUAGE_STANDARD = "gnu++14";
				CLANG_CXX_LIBRARY = "libc++";
				CLANG_ENABLE_MODULES = YES;
				CLANG_ENABLE_OBJC_ARC = YES;
				CLANG_ENABLE_OBJC_WEAK = YES;
				CLANG_WARN_BLOCK_CAPTURE_AUTORELEASING = YES;
				CLANG_WARN_BOOL_CONVERSION = YES;
				CLANG_WARN_COMMA = YES;
				CLANG_WARN_CONSTANT_CONVERSION = YES;
				CLANG_WARN_DEPRECATED_OBJC_IMPLEMENTATIONS = YES;
				CLANG_WARN_DIRECT_OBJC_ISA_USAGE = YES_ERROR;
				CLANG_WARN_DOCUMENTATION_COMMENTS = YES;
				CLANG_WARN_EMPTY_BODY = YES;
				CLANG_WARN_ENUM_CONVERSION = YES;
				CLANG_WARN_INFINITE_RECURSION = YES;
				CLANG_WARN_INT_CONVERSION = YES;
				CLANG_WARN_NON_LITERAL_NULL_CONVERSION = YES;
				CLANG_WARN_OBJC_IMPLICIT_RETAIN_SELF = YES;
				CLANG_WARN_OBJC_LITERAL_CONVERSION = YES;
				CLANG_WARN_OBJC_ROOT_CLASS = YES_ERROR;
				CLANG_WARN_RANGE_LOOP_ANALYSIS = YES;
				CLANG_WARN_STRICT_PROTOTYPES = YES;
				CLANG_WARN_SUSPICIOUS_MOVE = YES;
				CLANG_WARN_UNGUARDED_AVAILABILITY = YES_AGGRESSIVE;
				CLANG_WARN_UNREACHABLE_CODE = YES;
				CLANG_WARN__DUPLICATE_METHOD_MATCH = YES;
				COPY_PHASE_STRIP = NO;
				DEBUG_INFORMATION_FORMAT = dwarf;
				ENABLE_STRICT_OBJC_MSGSEND = YES;
				ENABLE_TESTABILITY = YES;
				GCC_C_LANGUAGE_STANDARD = gnu11;
				GCC_DYNAMIC_NO_PIC = NO;
				GCC_NO_COMMON_BLOCKS = YES;
				GCC_OPTIMIZATION_LEVEL = 0;
				GCC_PREPROCESSOR_DEFINITIONS = (
					"DEBUG=1",
					"$(inherited)",
				);
				GCC_WARN_64_TO_32_BIT_CONVERSION = YES;
				GCC_WARN_ABOUT_RETURN_TYPE = YES_ERROR;
				GCC_WARN_UNDECLARED_SELECTOR = YES;
				GCC_WARN_UNINITIALIZED_AUTOS = YES_AGGRESSIVE;
				GCC_WARN_UNUSED_FUNCTION = YES;
				GCC_WARN_UNUSED_VARIABLE = YES;
				IPHONEOS_DEPLOYMENT_TARGET = 13.4;
				MTL_ENABLE_DEBUG_INFO = INCLUDE_SOURCE;
				MTL_FAST_MATH = YES;
				ONLY_ACTIVE_ARCH = YES;
				SDKROOT = iphoneos;
				SWIFT_ACTIVE_COMPILATION_CONDITIONS = DEBUG;
				SWIFT_OPTIMIZATION_LEVEL = "-Onone";
			};
			name = Debug;
		};
		55147772247D95240000B977 /* Release */ = {
			isa = XCBuildConfiguration;
			buildSettings = {
				ALWAYS_SEARCH_USER_PATHS = NO;
				CLANG_ANALYZER_NONNULL = YES;
				CLANG_ANALYZER_NUMBER_OBJECT_CONVERSION = YES_AGGRESSIVE;
				CLANG_CXX_LANGUAGE_STANDARD = "gnu++14";
				CLANG_CXX_LIBRARY = "libc++";
				CLANG_ENABLE_MODULES = YES;
				CLANG_ENABLE_OBJC_ARC = YES;
				CLANG_ENABLE_OBJC_WEAK = YES;
				CLANG_WARN_BLOCK_CAPTURE_AUTORELEASING = YES;
				CLANG_WARN_BOOL_CONVERSION = YES;
				CLANG_WARN_COMMA = YES;
				CLANG_WARN_CONSTANT_CONVERSION = YES;
				CLANG_WARN_DEPRECATED_OBJC_IMPLEMENTATIONS = YES;
				CLANG_WARN_DIRECT_OBJC_ISA_USAGE = YES_ERROR;
				CLANG_WARN_DOCUMENTATION_COMMENTS = YES;
				CLANG_WARN_EMPTY_BODY = YES;
				CLANG_WARN_ENUM_CONVERSION = YES;
				CLANG_WARN_INFINITE_RECURSION = YES;
				CLANG_WARN_INT_CONVERSION = YES;
				CLANG_WARN_NON_LITERAL_NULL_CONVERSION = YES;
				CLANG_WARN_OBJC_IMPLICIT_RETAIN_SELF = YES;
				CLANG_WARN_OBJC_LITERAL_CONVERSION = YES;
				CLANG_WARN_OBJC_ROOT_CLASS = YES_ERROR;
				CLANG_WARN_RANGE_LOOP_ANALYSIS = YES;
				CLANG_WARN_STRICT_PROTOTYPES = YES;
				CLANG_WARN_SUSPICIOUS_MOVE = YES;
				CLANG_WARN_UNGUARDED_AVAILABILITY = YES_AGGRESSIVE;
				CLANG_WARN_UNREACHABLE_CODE = YES;
				CLANG_WARN__DUPLICATE_METHOD_MATCH = YES;
				COPY_PHASE_STRIP = NO;
				DEBUG_INFORMATION_FORMAT = "dwarf-with-dsym";
				ENABLE_NS_ASSERTIONS = NO;
				ENABLE_STRICT_OBJC_MSGSEND = YES;
				GCC_C_LANGUAGE_STANDARD = gnu11;
				GCC_NO_COMMON_BLOCKS = YES;
				GCC_WARN_64_TO_32_BIT_CONVERSION = YES;
				GCC_WARN_ABOUT_RETURN_TYPE = YES_ERROR;
				GCC_WARN_UNDECLARED_SELECTOR = YES;
				GCC_WARN_UNINITIALIZED_AUTOS = YES_AGGRESSIVE;
				GCC_WARN_UNUSED_FUNCTION = YES;
				GCC_WARN_UNUSED_VARIABLE = YES;
				IPHONEOS_DEPLOYMENT_TARGET = 13.4;
				MTL_ENABLE_DEBUG_INFO = NO;
				MTL_FAST_MATH = YES;
				SDKROOT = iphoneos;
				SWIFT_COMPILATION_MODE = wholemodule;
				SWIFT_OPTIMIZATION_LEVEL = "-O";
				VALIDATE_PRODUCT = YES;
			};
			name = Release;
		};
		55147774247D95240000B977 /* Debug */ = {
			isa = XCBuildConfiguration;
			buildSettings = {
				ASSETCATALOG_COMPILER_APPICON_NAME = AppIcon;
				CODE_SIGN_STYLE = Automatic;
				DEVELOPMENT_ASSET_PATHS = "\"004-ScrollCardView/Preview Content\"";
				ENABLE_PREVIEWS = YES;
				INFOPLIST_FILE = "004-ScrollCardView/Info.plist";
				LD_RUNPATH_SEARCH_PATHS = (
					"$(inherited)",
					"@executable_path/Frameworks",
				);
				PRODUCT_BUNDLE_IDENTIFIER = "com.oscar.-04-ScrollCardView";
				PRODUCT_NAME = "$(TARGET_NAME)";
				SWIFT_VERSION = 5.0;
				TARGETED_DEVICE_FAMILY = "1,2";
			};
			name = Debug;
		};
		55147775247D95240000B977 /* Release */ = {
			isa = XCBuildConfiguration;
			buildSettings = {
				ASSETCATALOG_COMPILER_APPICON_NAME = AppIcon;
				CODE_SIGN_STYLE = Automatic;
				DEVELOPMENT_ASSET_PATHS = "\"004-ScrollCardView/Preview Content\"";
				ENABLE_PREVIEWS = YES;
				INFOPLIST_FILE = "004-ScrollCardView/Info.plist";
				LD_RUNPATH_SEARCH_PATHS = (
					"$(inherited)",
					"@executable_path/Frameworks",
				);
				PRODUCT_BUNDLE_IDENTIFIER = "com.oscar.-04-ScrollCardView";
				PRODUCT_NAME = "$(TARGET_NAME)";
				SWIFT_VERSION = 5.0;
				TARGETED_DEVICE_FAMILY = "1,2";
			};
			name = Release;
		};
/* End XCBuildConfiguration section */

/* Begin XCConfigurationList section */
		5514775A247D95210000B977 /* Build configuration list for PBXProject "004-ScrollCardView" */ = {
			isa = XCConfigurationList;
			buildConfigurations = (
				55147771247D95240000B977 /* Debug */,
				55147772247D95240000B977 /* Release */,
			);
			defaultConfigurationIsVisible = 0;
			defaultConfigurationName = Release;
		};
		55147773247D95240000B977 /* Build configuration list for PBXNativeTarget "004-ScrollCardView" */ = {
			isa = XCConfigurationList;
			buildConfigurations = (
				55147774247D95240000B977 /* Debug */,
				55147775247D95240000B977 /* Release */,
			);
			defaultConfigurationIsVisible = 0;
			defaultConfigurationName = Release;
		};
/* End XCConfigurationList section */
	};
	rootObject = 55147757247D95210000B977 /* Project object */;
}
